
Microsoft Visual Studio Solution File, Format Version 12.00
# Visual Studio Version 17
VisualStudioVersion = 17.3.32519.111
MinimumVisualStudioVersion = 10.0.40219.1
Project("{FAE04EC0-301F-11D3-BF4B-00C04F79EFBC}") = "SuperHerosAPI", "SuperHerosAPI\SuperHerosAPI.csproj", "{B051C3B8-6C3E-466F-A975-EF61106A250E}"
EndProject
Global
	GlobalSection(SolutionConfigurationPlatforms) = preSolution
		Debug|Any CPU = Debug|Any CPU
		Release|Any CPU = Release|Any CPU
	EndGlobalSection
	GlobalSection(ProjectConfigurationPlatforms) = postSolution
		{B051C3B8-6C3E-466F-A975-EF61106A250E}.Debug|Any CPU.ActiveCfg = Debug|Any CPU
		{B051C3B8-6C3E-466F-A975-EF61106A250E}.Debug|Any CPU.Build.0 = Debug|Any CPU
		{B051C3B8-6C3E-466F-A975-EF61106A250E}.Release|Any CPU.ActiveCfg = Release|Any CPU
		{B051C3B8-6C3E-466F-A975-EF61106A250E}.Release|Any CPU.Build.0 = Release|Any CPU
	EndGlobalSection
	GlobalSection(SolutionProperties) = preSolution
		HideSolutionNode = FALSE
	EndGlobalSection
	GlobalSection(ExtensibilityGlobals) = postSolution
		SolutionGuid = {FC433321-917B-43BB-AD2D-A088A4DA69CB}
	EndGlobalSection
EndGlobal
